
Microsoft Visual Studio Solution File, Format Version 12.00
# Visual Studio Version 17
VisualStudioVersion = 17.13.35825.156 d17.13
MinimumVisualStudioVersion = 10.0.40219.1
Project("{FAE04EC0-301F-11D3-BF4B-00C04F79EFBC}") = "DPM225472_NguyenMinhTan_Pattern01_AbstractFactory", "DPM225472_NguyenMinhTan_Pattern01_AbstractFactory\DPM225472_NguyenMinhTan_Pattern01_AbstractFactory.csproj", "{38493538-51E1-4838-AF9B-95A9926F0367}"
EndProject
Global
	GlobalSection(SolutionConfigurationPlatforms) = preSolution
		Debug|Any CPU = Debug|Any CPU
		Release|Any CPU = Release|Any CPU
	EndGlobalSection
	GlobalSection(ProjectConfigurationPlatforms) = postSolution
		{38493538-51E1-4838-AF9B-95A9926F0367}.Debug|Any CPU.ActiveCfg = Debug|Any CPU
		{38493538-51E1-4838-AF9B-95A9926F0367}.Debug|Any CPU.Build.0 = Debug|Any CPU
		{38493538-51E1-4838-AF9B-95A9926F0367}.Release|Any CPU.ActiveCfg = Release|Any CPU
		{38493538-51E1-4838-AF9B-95A9926F0367}.Release|Any CPU.Build.0 = Release|Any CPU
	EndGlobalSection
	GlobalSection(SolutionProperties) = preSolution
		HideSolutionNode = FALSE
	EndGlobalSection
	GlobalSection(ExtensibilityGlobals) = postSolution
		SolutionGuid = {5AC48AB5-4E00-432D-9BBB-4909B8A17DDF}
	EndGlobalSection
EndGlobal
